
Microsoft Visual Studio Solution File, Format Version 12.00
# Visual Studio 14
VisualStudioVersion = 14.0.25420.1
MinimumVisualStudioVersion = 10.0.40219.1
Project("{8BC9CEB8-8B4A-11D0-8D11-00A0C91BC942}") = "fuzzer", "fuzzer.vcxproj", "{E4D3EB7D-9815-4309-96B7-4EF510FD5410}"
	ProjectSection(ProjectDependencies) = postProject
		{5DAB1696-1795-49AA-BDE6-1771FBE25445} = {5DAB1696-1795-49AA-BDE6-1771FBE25445}
	EndProjectSection
EndProject
Project("{8BC9CEB8-8B4A-11D0-8D11-00A0C91BC942}") = "libinchi", "..\..\libinchi\vc14\libinchi.vcxproj", "{5DAB1696-1795-49AA-BDE6-1771FBE25445}"
EndProject
Global
	GlobalSection(SolutionConfigurationPlatforms) = preSolution
		Debug|x64 = Debug|x64
		Debug|x86 = Debug|x86
		Release|x64 = Release|x64
		Release|x86 = Release|x86
	EndGlobalSection
	GlobalSection(ProjectConfigurationPlatforms) = postSolution
		{E4D3EB7D-9815-4309-96B7-4EF510FD5410}.Debug|x64.ActiveCfg = Debug|x64
		{E4D3EB7D-9815-4309-96B7-4EF510FD5410}.Debug|x64.Build.0 = Debug|x64
		{E4D3EB7D-9815-4309-96B7-4EF510FD5410}.Debug|x86.ActiveCfg = Debug|Win32
		{E4D3EB7D-9815-4309-96B7-4EF510FD5410}.Debug|x86.Build.0 = Debug|Win32
		{E4D3EB7D-9815-4309-96B7-4EF510FD5410}.Release|x64.ActiveCfg = Release|x64
		{E4D3EB7D-9815-4309-96B7-4EF510FD5410}.Release|x64.Build.0 = Release|x64
		{E4D3EB7D-9815-4309-96B7-4EF510FD5410}.Release|x86.ActiveCfg = Release|Win32
		{E4D3EB7D-9815-4309-96B7-4EF510FD5410}.Release|x86.Build.0 = Release|Win32
		{5DAB1696-1795-49AA-BDE6-1771FBE25445}.Debug|x64.ActiveCfg = Debug|x64
		{5DAB1696-1795-49AA-BDE6-1771FBE25445}.Debug|x64.Build.0 = Debug|x64
		{5DAB1696-1795-49AA-BDE6-1771FBE25445}.Debug|x86.ActiveCfg = Debug|Win32
		{5DAB1696-1795-49AA-BDE6-1771FBE25445}.Debug|x86.Build.0 = Debug|Win32
		{5DAB1696-1795-49AA-BDE6-1771FBE25445}.Release|x64.ActiveCfg = Release|x64
		{5DAB1696-1795-49AA-BDE6-1771FBE25445}.Release|x64.Build.0 = Release|x64
		{5DAB1696-1795-49AA-BDE6-1771FBE25445}.Release|x86.ActiveCfg = Release|Win32
		{5DAB1696-1795-49AA-BDE6-1771FBE25445}.Release|x86.Build.0 = Release|Win32
	EndGlobalSection
	GlobalSection(SolutionProperties) = preSolution
		HideSolutionNode = FALSE
	EndGlobalSection
EndGlobal
